
Microsoft Visual Studio Solution File, Format Version 12.00
# Visual Studio Version 16
VisualStudioVersion = 16.0.31727.386
MinimumVisualStudioVersion = 10.0.40219.1
Project("{FAE04EC0-301F-11D3-BF4B-00C04F79EFBC}") = "WebShopMKJ", "WebShopMKJ\WebShopMKJ.csproj", "{0F82F535-9BEB-40C0-9022-236F83BBE6B1}"
EndProject
Global
	GlobalSection(SolutionConfigurationPlatforms) = preSolution
		Debug|Any CPU = Debug|Any CPU
		Release|Any CPU = Release|Any CPU
	EndGlobalSection
	GlobalSection(ProjectConfigurationPlatforms) = postSolution
		{0F82F535-9BEB-40C0-9022-236F83BBE6B1}.Debug|Any CPU.ActiveCfg = Debug|Any CPU
		{0F82F535-9BEB-40C0-9022-236F83BBE6B1}.Debug|Any CPU.Build.0 = Debug|Any CPU
		{0F82F535-9BEB-40C0-9022-236F83BBE6B1}.Release|Any CPU.ActiveCfg = Release|Any CPU
		{0F82F535-9BEB-40C0-9022-236F83BBE6B1}.Release|Any CPU.Build.0 = Release|Any CPU
	EndGlobalSection
	GlobalSection(SolutionProperties) = preSolution
		HideSolutionNode = FALSE
	EndGlobalSection
	GlobalSection(ExtensibilityGlobals) = postSolution
		SolutionGuid = {BB0C3E8A-BF69-425A-92E1-7B1161FFCA1B}
	EndGlobalSection
EndGlobal
